// !$*UTF8*$!
{
	archiveVersion = 1;
	classes = {
	};
	objectVersion = 46;
	objects = {

/* Begin PBXBuildFile section */
		550CC65A1C4AF8B500705643 /* main.m in Sources */ = {isa = PBXBuildFile; fileRef = 550CC6591C4AF8B500705643 /* main.m */; };
		550CC65D1C4AF8B500705643 /* AppDelegate.m in Sources */ = {isa = PBXBuildFile; fileRef = 550CC65C1C4AF8B500705643 /* AppDelegate.m */; };
		550CC6601C4AF8B500705643 /* LogInViewController.m in Sources */ = {isa = PBXBuildFile; fileRef = 550CC65F1C4AF8B500705643 /* LogInViewController.m */; };
		550CC6631C4AF8B500705643 /* Main.storyboard in Resources */ = {isa = PBXBuildFile; fileRef = 550CC6611C4AF8B500705643 /* Main.storyboard */; };
		550CC6661C4AF8B500705643 /* Mission5.xcdatamodeld in Sources */ = {isa = PBXBuildFile; fileRef = 550CC6641C4AF8B500705643 /* Mission5.xcdatamodeld */; };
		550CC6681C4AF8B500705643 /* Assets.xcassets in Resources */ = {isa = PBXBuildFile; fileRef = 550CC6671C4AF8B500705643 /* Assets.xcassets */; };
		550CC66B1C4AF8B500705643 /* LaunchScreen.storyboard in Resources */ = {isa = PBXBuildFile; fileRef = 550CC6691C4AF8B500705643 /* LaunchScreen.storyboard */; };
		5515BE461C55256600A88ECB /* FBSDKLoginKit.framework in Frameworks */ = {isa = PBXBuildFile; fileRef = 5515BE451C55256600A88ECB /* FBSDKLoginKit.framework */; };
		5515BE4F1C55294300A88ECB /* MainViewController.m in Sources */ = {isa = PBXBuildFile; fileRef = 5515BE4E1C55294300A88ECB /* MainViewController.m */; };
		5515BE521C56DB7900A88ECB /* PersistanceManager.m in Sources */ = {isa = PBXBuildFile; fileRef = 5515BE511C56DB7900A88ECB /* PersistanceManager.m */; };
		5544F31A1C52CADC0048744D /* FBSDKCoreKit.framework in Frameworks */ = {isa = PBXBuildFile; fileRef = 5544F3191C52CADC0048744D /* FBSDKCoreKit.framework */; };
		55BF32811C5C0AE90024ACA3 /* User+CoreDataProperties.m in Sources */ = {isa = PBXBuildFile; fileRef = 55BF327E1C5C0AE90024ACA3 /* User+CoreDataProperties.m */; };
		55BF32821C5C0AE90024ACA3 /* User.m in Sources */ = {isa = PBXBuildFile; fileRef = 55BF32801C5C0AE90024ACA3 /* User.m */; };
		55F976881C5711950064E9C1 /* FaceBookManager.m in Sources */ = {isa = PBXBuildFile; fileRef = 55F976871C5711950064E9C1 /* FaceBookManager.m */; };
		FBE9D160A32AB18D6089D1D8 /* libPods-Mission5.a in Frameworks */ = {isa = PBXBuildFile; fileRef = 4EFA87E15EB264D06193CAFB /* libPods-Mission5.a */; };
/* End PBXBuildFile section */

/* Begin PBXFileReference section */
		4EFA87E15EB264D06193CAFB /* libPods-Mission5.a */ = {isa = PBXFileReference; explicitFileType = archive.ar; includeInIndex = 0; path = "libPods-Mission5.a"; sourceTree = BUILT_PRODUCTS_DIR; };
		550CC6551C4AF8B500705643 /* Mission5.app */ = {isa = PBXFileReference; explicitFileType = wrapper.application; includeInIndex = 0; path = Mission5.app; sourceTree = BUILT_PRODUCTS_DIR; };
		550CC6591C4AF8B500705643 /* main.m */ = {isa = PBXFileReference; lastKnownFileType = sourcecode.c.objc; path = main.m; sourceTree = "<group>"; };
		550CC65B1C4AF8B500705643 /* AppDelegate.h */ = {isa = PBXFileReference; lastKnownFileType = sourcecode.c.h; path = AppDelegate.h; sourceTree = "<group>"; };
		550CC65C1C4AF8B500705643 /* AppDelegate.m */ = {isa = PBXFileReference; lastKnownFileType = sourcecode.c.objc; path = AppDelegate.m; sourceTree = "<group>"; };
		550CC65E1C4AF8B500705643 /* LogInViewController.h */ = {isa = PBXFileReference; lastKnownFileType = sourcecode.c.h; path = LogInViewController.h; sourceTree = "<group>"; };
		550CC65F1C4AF8B500705643 /* LogInViewController.m */ = {isa = PBXFileReference; lastKnownFileType = sourcecode.c.objc; path = LogInViewController.m; sourceTree = "<group>"; };
		550CC6621C4AF8B500705643 /* Base */ = {isa = PBXFileReference; lastKnownFileType = file.storyboard; name = Base; path = Base.lproj/Main.storyboard; sourceTree = "<group>"; };
		550CC6651C4AF8B500705643 /* Mission5.xcdatamodel */ = {isa = PBXFileReference; lastKnownFileType = wrapper.xcdatamodel; path = Mission5.xcdatamodel; sourceTree = "<group>"; };
		550CC6671C4AF8B500705643 /* Assets.xcassets */ = {isa = PBXFileReference; lastKnownFileType = folder.assetcatalog; path = Assets.xcassets; sourceTree = "<group>"; };
		550CC66A1C4AF8B500705643 /* Base */ = {isa = PBXFileReference; lastKnownFileType = file.storyboard; name = Base; path = Base.lproj/LaunchScreen.storyboard; sourceTree = "<group>"; };
		550CC66C1C4AF8B500705643 /* Info.plist */ = {isa = PBXFileReference; lastKnownFileType = text.plist.xml; path = Info.plist; sourceTree = "<group>"; };
		5515BE451C55256600A88ECB /* FBSDKLoginKit.framework */ = {isa = PBXFileReference; lastKnownFileType = wrapper.framework; name = FBSDKLoginKit.framework; path = ../../../Documents/FacebookSDK/FBSDKLoginKit.framework; sourceTree = "<group>"; };
		5515BE4D1C55294300A88ECB /* MainViewController.h */ = {isa = PBXFileReference; fileEncoding = 4; lastKnownFileType = sourcecode.c.h; path = MainViewController.h; sourceTree = "<group>"; };
		5515BE4E1C55294300A88ECB /* MainViewController.m */ = {isa = PBXFileReference; fileEncoding = 4; lastKnownFileType = sourcecode.c.objc; path = MainViewController.m; sourceTree = "<group>"; };
		5515BE501C56DB7900A88ECB /* PersistanceManager.h */ = {isa = PBXFileReference; fileEncoding = 4; lastKnownFileType = sourcecode.c.h; path = PersistanceManager.h; sourceTree = "<group>"; };
		5515BE511C56DB7900A88ECB /* PersistanceManager.m */ = {isa = PBXFileReference; fileEncoding = 4; lastKnownFileType = sourcecode.c.objc; path = PersistanceManager.m; sourceTree = "<group>"; };
		5544F3191C52CADC0048744D /* FBSDKCoreKit.framework */ = {isa = PBXFileReference; lastKnownFileType = wrapper.framework; name = FBSDKCoreKit.framework; path = ../../../Documents/FacebookSDK/FBSDKCoreKit.framework; sourceTree = "<group>"; };
		55BF327D1C5C0AE90024ACA3 /* User+CoreDataProperties.h */ = {isa = PBXFileReference; fileEncoding = 4; lastKnownFileType = sourcecode.c.h; path = "User+CoreDataProperties.h"; sourceTree = "<group>"; };
		55BF327E1C5C0AE90024ACA3 /* User+CoreDataProperties.m */ = {isa = PBXFileReference; fileEncoding = 4; lastKnownFileType = sourcecode.c.objc; path = "User+CoreDataProperties.m"; sourceTree = "<group>"; };
		55BF327F1C5C0AE90024ACA3 /* User.h */ = {isa = PBXFileReference; fileEncoding = 4; lastKnownFileType = sourcecode.c.h; path = User.h; sourceTree = "<group>"; };
		55BF32801C5C0AE90024ACA3 /* User.m */ = {isa = PBXFileReference; fileEncoding = 4; lastKnownFileType = sourcecode.c.objc; path = User.m; sourceTree = "<group>"; };
		55F976861C5711950064E9C1 /* FaceBookManager.h */ = {isa = PBXFileReference; fileEncoding = 4; lastKnownFileType = sourcecode.c.h; path = FaceBookManager.h; sourceTree = "<group>"; };
		55F976871C5711950064E9C1 /* FaceBookManager.m */ = {isa = PBXFileReference; fileEncoding = 4; lastKnownFileType = sourcecode.c.objc; path = FaceBookManager.m; sourceTree = "<group>"; };
		CA3A919346B69BD59AA18702 /* Pods-Mission5.debug.xcconfig */ = {isa = PBXFileReference; includeInIndex = 1; lastKnownFileType = text.xcconfig; name = "Pods-Mission5.debug.xcconfig"; path = "Pods/Target Support Files/Pods-Mission5/Pods-Mission5.debug.xcconfig"; sourceTree = "<group>"; };
		F427EBA34CCBF854B178D262 /* Pods-Mission5.release.xcconfig */ = {isa = PBXFileReference; includeInIndex = 1; lastKnownFileType = text.xcconfig; name = "Pods-Mission5.release.xcconfig"; path = "Pods/Target Support Files/Pods-Mission5/Pods-Mission5.release.xcconfig"; sourceTree = "<group>"; };
/* End PBXFileReference section */

/* Begin PBXFrameworksBuildPhase section */
		550CC6521C4AF8B500705643 /* Frameworks */ = {
			isa = PBXFrameworksBuildPhase;
			buildActionMask = 2147483647;
			files = (
				5515BE461C55256600A88ECB /* FBSDKLoginKit.framework in Frameworks */,
				5544F31A1C52CADC0048744D /* FBSDKCoreKit.framework in Frameworks */,
				FBE9D160A32AB18D6089D1D8 /* libPods-Mission5.a in Frameworks */,
			);
			runOnlyForDeploymentPostprocessing = 0;
		};
/* End PBXFrameworksBuildPhase section */

/* Begin PBXGroup section */
		550CC64C1C4AF8B400705643 = {
			isa = PBXGroup;
			children = (
				550CC6571C4AF8B500705643 /* Mission5 */,
				550CC6561C4AF8B500705643 /* Products */,
				5544F2F51C4DB8030048744D /* Frameworks */,
				58245B8F90475787620C9431 /* Pods */,
			);
			sourceTree = "<group>";
		};
		550CC6561C4AF8B500705643 /* Products */ = {
			isa = PBXGroup;
			children = (
				550CC6551C4AF8B500705643 /* Mission5.app */,
			);
			name = Products;
			sourceTree = "<group>";
		};
		550CC6571C4AF8B500705643 /* Mission5 */ = {
			isa = PBXGroup;
			children = (
				550CC65B1C4AF8B500705643 /* AppDelegate.h */,
				550CC65C1C4AF8B500705643 /* AppDelegate.m */,
				550CC65E1C4AF8B500705643 /* LogInViewController.h */,
				550CC65F1C4AF8B500705643 /* LogInViewController.m */,
				5515BE4D1C55294300A88ECB /* MainViewController.h */,
				5515BE4E1C55294300A88ECB /* MainViewController.m */,
				5515BE501C56DB7900A88ECB /* PersistanceManager.h */,
				5515BE511C56DB7900A88ECB /* PersistanceManager.m */,
				55F976861C5711950064E9C1 /* FaceBookManager.h */,
				55F976871C5711950064E9C1 /* FaceBookManager.m */,
				550CC6611C4AF8B500705643 /* Main.storyboard */,
				550CC6671C4AF8B500705643 /* Assets.xcassets */,
				550CC6691C4AF8B500705643 /* LaunchScreen.storyboard */,
				550CC66C1C4AF8B500705643 /* Info.plist */,
				550CC6641C4AF8B500705643 /* Mission5.xcdatamodeld */,
				55BF327D1C5C0AE90024ACA3 /* User+CoreDataProperties.h */,
				55BF327E1C5C0AE90024ACA3 /* User+CoreDataProperties.m */,
				55BF327F1C5C0AE90024ACA3 /* User.h */,
				55BF32801C5C0AE90024ACA3 /* User.m */,
				550CC6581C4AF8B500705643 /* Supporting Files */,
			);
			path = Mission5;
			sourceTree = "<group>";
		};
		550CC6581C4AF8B500705643 /* Supporting Files */ = {
			isa = PBXGroup;
			children = (
				550CC6591C4AF8B500705643 /* main.m */,
			);
			name = "Supporting Files";
			sourceTree = "<group>";
		};
		5544F2F51C4DB8030048744D /* Frameworks */ = {
			isa = PBXGroup;
			children = (
				5515BE451C55256600A88ECB /* FBSDKLoginKit.framework */,
				5544F3191C52CADC0048744D /* FBSDKCoreKit.framework */,
				4EFA87E15EB264D06193CAFB /* libPods-Mission5.a */,
			);
			name = Frameworks;
			sourceTree = "<group>";
		};
		58245B8F90475787620C9431 /* Pods */ = {
			isa = PBXGroup;
			children = (
				CA3A919346B69BD59AA18702 /* Pods-Mission5.debug.xcconfig */,
				F427EBA34CCBF854B178D262 /* Pods-Mission5.release.xcconfig */,
			);
			name = Pods;
			sourceTree = "<group>";
		};
/* End PBXGroup section */

/* Begin PBXNativeTarget section */
		550CC6541C4AF8B500705643 /* Mission5 */ = {
			isa = PBXNativeTarget;
			buildConfigurationList = 550CC66F1C4AF8B500705643 /* Build configuration list for PBXNativeTarget "Mission5" */;
			buildPhases = (
				30BB065C1DFEF98336C0DF6E /* Check Pods Manifest.lock */,
				550CC6511C4AF8B500705643 /* Sources */,
				550CC6521C4AF8B500705643 /* Frameworks */,
				550CC6531C4AF8B500705643 /* Resources */,
				FC101BFB0AA4D2683FB640DB /* Embed Pods Frameworks */,
				0393FAEFC058087151EACCF3 /* Copy Pods Resources */,
			);
			buildRules = (
			);
			dependencies = (
			);
			name = Mission5;
			productName = Mission5;
			productReference = 550CC6551C4AF8B500705643 /* Mission5.app */;
			productType = "com.apple.product-type.application";
		};
/* End PBXNativeTarget section */

/* Begin PBXProject section */
		550CC64D1C4AF8B400705643 /* Project object */ = {
			isa = PBXProject;
			attributes = {
				LastUpgradeCheck = 0720;
				ORGANIZATIONNAME = "thomas minshull";
				TargetAttributes = {
					550CC6541C4AF8B500705643 = {
						CreatedOnToolsVersion = 7.2;
					};
				};
			};
			buildConfigurationList = 550CC6501C4AF8B400705643 /* Build configuration list for PBXProject "Mission5" */;
			compatibilityVersion = "Xcode 3.2";
			developmentRegion = English;
			hasScannedForEncodings = 0;
			knownRegions = (
				en,
				Base,
			);
			mainGroup = 550CC64C1C4AF8B400705643;
			productRefGroup = 550CC6561C4AF8B500705643 /* Products */;
			projectDirPath = "";
			projectRoot = "";
			targets = (
				550CC6541C4AF8B500705643 /* Mission5 */,
			);
		};
/* End PBXProject section */

/* Begin PBXResourcesBuildPhase section */
		550CC6531C4AF8B500705643 /* Resources */ = {
			isa = PBXResourcesBuildPhase;
			buildActionMask = 2147483647;
			files = (
				550CC66B1C4AF8B500705643 /* LaunchScreen.storyboard in Resources */,
				550CC6681C4AF8B500705643 /* Assets.xcassets in Resources */,
				550CC6631C4AF8B500705643 /* Main.storyboard in Resources */,
			);
			runOnlyForDeploymentPostprocessing = 0;
		};
/* End PBXResourcesBuildPhase section */

/* Begin PBXShellScriptBuildPhase section */
		0393FAEFC058087151EACCF3 /* Copy Pods Resources */ = {
			isa = PBXShellScriptBuildPhase;
			buildActionMask = 2147483647;
			files = (
			);
			inputPaths = (
			);
			name = "Copy Pods Resources";
			outputPaths = (
			);
			runOnlyForDeploymentPostprocessing = 0;
			shellPath = /bin/sh;
			shellScript = "\"${SRCROOT}/Pods/Target Support Files/Pods-Mission5/Pods-Mission5-resources.sh\"\n";
			showEnvVarsInLog = 0;
		};
		30BB065C1DFEF98336C0DF6E /* Check Pods Manifest.lock */ = {
			isa = PBXShellScriptBuildPhase;
			buildActionMask = 2147483647;
			files = (
			);
			inputPaths = (
			);
			name = "Check Pods Manifest.lock";
			outputPaths = (
			);
			runOnlyForDeploymentPostprocessing = 0;
			shellPath = /bin/sh;
			shellScript = "diff \"${PODS_ROOT}/../Podfile.lock\" \"${PODS_ROOT}/Manifest.lock\" > /dev/null\nif [[ $? != 0 ]] ; then\n    cat << EOM\nerror: The sandbox is not in sync with the Podfile.lock. Run 'pod install' or update your CocoaPods installation.\nEOM\n    exit 1\nfi\n";
			showEnvVarsInLog = 0;
		};
		FC101BFB0AA4D2683FB640DB /* Embed Pods Frameworks */ = {
			isa = PBXShellScriptBuildPhase;
			buildActionMask = 2147483647;
			files = (
			);
			inputPaths = (
			);
			name = "Embed Pods Frameworks";
			outputPaths = (
			);
			runOnlyForDeploymentPostprocessing = 0;
			shellPath = /bin/sh;
			shellScript = "\"${SRCROOT}/Pods/Target Support Files/Pods-Mission5/Pods-Mission5-frameworks.sh\"\n";
			showEnvVarsInLog = 0;
		};
/* End PBXShellScriptBuildPhase section */

/* Begin PBXSourcesBuildPhase section */
		550CC6511C4AF8B500705643 /* Sources */ = {
			isa = PBXSourcesBuildPhase;
			buildActionMask = 2147483647;
			files = (
				550CC6661C4AF8B500705643 /* Mission5.xcdatamodeld in Sources */,
				5515BE521C56DB7900A88ECB /* PersistanceManager.m in Sources */,
				55BF32821C5C0AE90024ACA3 /* User.m in Sources */,
				550CC6601C4AF8B500705643 /* LogInViewController.m in Sources */,
				55F976881C5711950064E9C1 /* FaceBookManager.m in Sources */,
				5515BE4F1C55294300A88ECB /* MainViewController.m in Sources */,
				550CC65D1C4AF8B500705643 /* AppDelegate.m in Sources */,
				55BF32811C5C0AE90024ACA3 /* User+CoreDataProperties.m in Sources */,
				550CC65A1C4AF8B500705643 /* main.m in Sources */,
			);
			runOnlyForDeploymentPostprocessing = 0;
		};
/* End PBXSourcesBuildPhase section */

/* Begin PBXVariantGroup section */
		550CC6611C4AF8B500705643 /* Main.storyboard */ = {
			isa = PBXVariantGroup;
			children = (
				550CC6621C4AF8B500705643 /* Base */,
			);
			name = Main.storyboard;
			sourceTree = "<group>";
		};
		550CC6691C4AF8B500705643 /* LaunchScreen.storyboard */ = {
			isa = PBXVariantGroup;
			children = (
				550CC66A1C4AF8B500705643 /* Base */,
			);
			name = LaunchScreen.storyboard;
			sourceTree = "<group>";
		};
/* End PBXVariantGroup section */

/* Begin XCBuildConfiguration section */
		550CC66D1C4AF8B500705643 /* Debug */ = {
			isa = XCBuildConfiguration;
			buildSettings = {
				ALWAYS_SEARCH_USER_PATHS = NO;
				CLANG_CXX_LANGUAGE_STANDARD = "gnu++0x";
				CLANG_CXX_LIBRARY = "libc++";
				CLANG_ENABLE_MODULES = YES;
				CLANG_ENABLE_OBJC_ARC = YES;
				CLANG_WARN_BOOL_CONVERSION = YES;
				CLANG_WARN_CONSTANT_CONVERSION = YES;
				CLANG_WARN_DIRECT_OBJC_ISA_USAGE = YES_ERROR;
				CLANG_WARN_EMPTY_BODY = YES;
				CLANG_WARN_ENUM_CONVERSION = YES;
				CLANG_WARN_INT_CONVERSION = YES;
				CLANG_WARN_OBJC_ROOT_CLASS = YES_ERROR;
				CLANG_WARN_UNREACHABLE_CODE = YES;
				CLANG_WARN__DUPLICATE_METHOD_MATCH = YES;
				"CODE_SIGN_IDENTITY[sdk=iphoneos*]" = "iPhone Developer";
				COPY_PHASE_STRIP = NO;
				DEBUG_INFORMATION_FORMAT = dwarf;
				ENABLE_STRICT_OBJC_MSGSEND = YES;
				ENABLE_TESTABILITY = YES;
				GCC_C_LANGUAGE_STANDARD = gnu99;
				GCC_DYNAMIC_NO_PIC = NO;
				GCC_NO_COMMON_BLOCKS = YES;
				GCC_OPTIMIZATION_LEVEL = 0;
				GCC_PREPROCESSOR_DEFINITIONS = (
					"DEBUG=1",
					"$(inherited)",
				);
				GCC_WARN_64_TO_32_BIT_CONVERSION = YES;
				GCC_WARN_ABOUT_RETURN_TYPE = YES_ERROR;
				GCC_WARN_UNDECLARED_SELECTOR = YES;
				GCC_WARN_UNINITIALIZED_AUTOS = YES_AGGRESSIVE;
				GCC_WARN_UNUSED_FUNCTION = YES;
				GCC_WARN_UNUSED_VARIABLE = YES;
				IPHONEOS_DEPLOYMENT_TARGET = 9.2;
				MTL_ENABLE_DEBUG_INFO = YES;
				ONLY_ACTIVE_ARCH = YES;
				SDKROOT = iphoneos;
			};
			name = Debug;
		};
		550CC66E1C4AF8B500705643 /* Release */ = {
			isa = XCBuildConfiguration;
			buildSettings = {
				ALWAYS_SEARCH_USER_PATHS = NO;
				CLANG_CXX_LANGUAGE_STANDARD = "gnu++0x";
				CLANG_CXX_LIBRARY = "libc++";
				CLANG_ENABLE_MODULES = YES;
				CLANG_ENABLE_OBJC_ARC = YES;
				CLANG_WARN_BOOL_CONVERSION = YES;
				CLANG_WARN_CONSTANT_CONVERSION = YES;
				CLANG_WARN_DIRECT_OBJC_ISA_USAGE = YES_ERROR;
				CLANG_WARN_EMPTY_BODY = YES;
				CLANG_WARN_ENUM_CONVERSION = YES;
				CLANG_WARN_INT_CONVERSION = YES;
				CLANG_WARN_OBJC_ROOT_CLASS = YES_ERROR;
				CLANG_WARN_UNREACHABLE_CODE = YES;
				CLANG_WARN__DUPLICATE_METHOD_MATCH = YES;
				"CODE_SIGN_IDENTITY[sdk=iphoneos*]" = "iPhone Developer";
				COPY_PHASE_STRIP = NO;
				DEBUG_INFORMATION_FORMAT = "dwarf-with-dsym";
				ENABLE_NS_ASSERTIONS = NO;
				ENABLE_STRICT_OBJC_MSGSEND = YES;
				GCC_C_LANGUAGE_STANDARD = gnu99;
				GCC_NO_COMMON_BLOCKS = YES;
				GCC_WARN_64_TO_32_BIT_CONVERSION = YES;
				GCC_WARN_ABOUT_RETURN_TYPE = YES_ERROR;
				GCC_WARN_UNDECLARED_SELECTOR = YES;
				GCC_WARN_UNINITIALIZED_AUTOS = YES_AGGRESSIVE;
				GCC_WARN_UNUSED_FUNCTION = YES;
				GCC_WARN_UNUSED_VARIABLE = YES;
				IPHONEOS_DEPLOYMENT_TARGET = 9.2;
				MTL_ENABLE_DEBUG_INFO = NO;
				SDKROOT = iphoneos;
				VALIDATE_PRODUCT = YES;
			};
			name = Release;
		};
		550CC6701C4AF8B500705643 /* Debug */ = {
			isa = XCBuildConfiguration;
			baseConfigurationReference = CA3A919346B69BD59AA18702 /* Pods-Mission5.debug.xcconfig */;
			buildSettings = {
				ASSETCATALOG_COMPILER_APPICON_NAME = AppIcon;
				FRAMEWORK_SEARCH_PATHS = /Users/thomasminshull/Documents/FacebookSDK;
				INFOPLIST_FILE = Mission5/Info.plist;
				IPHONEOS_DEPLOYMENT_TARGET = 8.0;
				LD_RUNPATH_SEARCH_PATHS = "$(inherited) @executable_path/Frameworks";
				PRODUCT_BUNDLE_IDENTIFIER = com.tomm.Mission5;
				PRODUCT_NAME = "$(TARGET_NAME)";
			};
			name = Debug;
		};
		550CC6711C4AF8B500705643 /* Release */ = {
			isa = XCBuildConfiguration;
			baseConfigurationReference = F427EBA34CCBF854B178D262 /* Pods-Mission5.release.xcconfig */;
			buildSettings = {
				ASSETCATALOG_COMPILER_APPICON_NAME = AppIcon;
				FRAMEWORK_SEARCH_PATHS = /Users/thomasminshull/Documents/FacebookSDK;
				INFOPLIST_FILE = Mission5/Info.plist;
				IPHONEOS_DEPLOYMENT_TARGET = 8.0;
				LD_RUNPATH_SEARCH_PATHS = "$(inherited) @executable_path/Frameworks";
				PRODUCT_BUNDLE_IDENTIFIER = com.tomm.Mission5;
				PRODUCT_NAME = "$(TARGET_NAME)";
			};
			name = Release;
		};
/* End XCBuildConfiguration section */

/* Begin XCConfigurationList section */
		550CC6501C4AF8B400705643 /* Build configuration list for PBXProject "Mission5" */ = {
			isa = XCConfigurationList;
			buildConfigurations = (
				550CC66D1C4AF8B500705643 /* Debug */,
				550CC66E1C4AF8B500705643 /* Release */,
			);
			defaultConfigurationIsVisible = 0;
			defaultConfigurationName = Release;
		};
		550CC66F1C4AF8B500705643 /* Build configuration list for PBXNativeTarget "Mission5" */ = {
			isa = XCConfigurationList;
			buildConfigurations = (
				550CC6701C4AF8B500705643 /* Debug */,
				550CC6711C4AF8B500705643 /* Release */,
			);
			defaultConfigurationIsVisible = 0;
			defaultConfigurationName = Release;
		};
/* End XCConfigurationList section */

/* Begin XCVersionGroup section */
		550CC6641C4AF8B500705643 /* Mission5.xcdatamodeld */ = {
			isa = XCVersionGroup;
			children = (
				550CC6651C4AF8B500705643 /* Mission5.xcdatamodel */,
			);
			currentVersion = 550CC6651C4AF8B500705643 /* Mission5.xcdatamodel */;
			path = Mission5.xcdatamodeld;
			sourceTree = "<group>";
			versionGroupType = wrapper.xcdatamodel;
		};
/* End XCVersionGroup section */
	};
	rootObject = 550CC64D1C4AF8B400705643 /* Project object */;
}
